
Microsoft Visual Studio Solution File, Format Version 12.00
# Visual Studio 15
VisualStudioVersion = 15.0.28307.102
MinimumVisualStudioVersion = 10.0.40219.1
Project("{FAE04EC0-301F-11D3-BF4B-00C04F79EFBC}") = "OARP", "OARP\OARP.csproj", "{E240268A-8C82-43EA-80D6-EF34A648D053}"
EndProject
Project("{FAE04EC0-301F-11D3-BF4B-00C04F79EFBC}") = "DAL", "DAL\DAL.csproj", "{D80B4238-D1FF-486A-A82A-340D6985E592}"
EndProject
Global
	GlobalSection(SolutionConfigurationPlatforms) = preSolution
		Debug|Any CPU = Debug|Any CPU
		Release|Any CPU = Release|Any CPU
	EndGlobalSection
	GlobalSection(ProjectConfigurationPlatforms) = postSolution
		{E240268A-8C82-43EA-80D6-EF34A648D053}.Debug|Any CPU.ActiveCfg = Debug|Any CPU
		{E240268A-8C82-43EA-80D6-EF34A648D053}.Debug|Any CPU.Build.0 = Debug|Any CPU
		{E240268A-8C82-43EA-80D6-EF34A648D053}.Release|Any CPU.ActiveCfg = Release|Any CPU
		{E240268A-8C82-43EA-80D6-EF34A648D053}.Release|Any CPU.Build.0 = Release|Any CPU
		{D80B4238-D1FF-486A-A82A-340D6985E592}.Debug|Any CPU.ActiveCfg = Debug|Any CPU
		{D80B4238-D1FF-486A-A82A-340D6985E592}.Debug|Any CPU.Build.0 = Debug|Any CPU
		{D80B4238-D1FF-486A-A82A-340D6985E592}.Release|Any CPU.ActiveCfg = Release|Any CPU
		{D80B4238-D1FF-486A-A82A-340D6985E592}.Release|Any CPU.Build.0 = Release|Any CPU
	EndGlobalSection
	GlobalSection(SolutionProperties) = preSolution
		HideSolutionNode = FALSE
	EndGlobalSection
	GlobalSection(ExtensibilityGlobals) = postSolution
		SolutionGuid = {6643EDBE-4E08-4814-86B8-6C25CEEFB90D}
	EndGlobalSection
EndGlobal
